PODS:
  - NSLocation (0.1.6)
  - Teleport-NSLog (0.2.1)

DEPENDENCIES:
  - NSLocation (from `../`)
  - Teleport-NSLog (~> 0.2)

EXTERNAL SOURCES:
  NSLocation:
    :path: "../"

SPEC CHECKSUMS:
  NSLocation: 29813134899d5c51edc74c3ac7383610dead3662
  Teleport-NSLog: eeb094445ba4c00e97e72492d2168fcf1a1adfdb

COCOAPODS: 0.39.0
